
Microsoft Visual Studio Solution File, Format Version 12.00
# Visual Studio Version 17
VisualStudioVersion = 17.0.31903.59
MinimumVisualStudioVersion = 10.0.40219.1
Project("{2150E333-8FDC-42A3-9474-1A3956D46DE8}") = "src", "src", "{827E0CD3-B72D-47B6-A68D-7590B98EB39B}"
EndProject
Project("{FAE04EC0-301F-11D3-BF4B-00C04F79EFBC}") = "Coffee.Bean.Shop.Api", "src\Coffee.Bean.Shop.Api\Coffee.Bean.Shop.Api.csproj", "{4A34A289-70C1-4B6B-ADC7-040928959021}"
EndProject
Project("{FAE04EC0-301F-11D3-BF4B-00C04F79EFBC}") = "Coffee.Bean.Shop.Core", "src\Coffee.Bean.Shop.Core\Coffee.Bean.Shop.Core.csproj", "{4C25E801-40AA-4B48-820D-8E1D0E895812}"
EndProject
Project("{FAE04EC0-301F-11D3-BF4B-00C04F79EFBC}") = "Coffee.Bean.Shop.Logic", "src\Coffee.Bean.Shop.Logic\Coffee.Bean.Shop.Logic.csproj", "{C6EB2E25-E398-44F4-AE39-F6BFEA1F7926}"
EndProject
Project("{FAE04EC0-301F-11D3-BF4B-00C04F79EFBC}") = "Coffee.Bean.Shop.Infrastructure", "src\Coffee.Bean.Shop.Infrastructure\Coffee.Bean.Shop.Infrastructure.csproj", "{184BC992-B9C3-4148-B14A-398BD2286744}"
EndProject
Project("{2150E333-8FDC-42A3-9474-1A3956D46DE8}") = "test", "test", "{0C88DD14-F956-CE84-757C-A364CCF449FC}"
EndProject
Project("{FAE04EC0-301F-11D3-BF4B-00C04F79EFBC}") = "Coffee.Bean.Shop.Infrastructure.Integration", "test\Coffee.Bean.Shop.Infrastructure.Integration\Coffee.Bean.Shop.Infrastructure.Integration.csproj", "{3A0C6400-B780-4D1E-879E-F2EF83292AF2}"
EndProject
Project("{FAE04EC0-301F-11D3-BF4B-00C04F79EFBC}") = "Coffee.Bean.Shop.Logic.Unit", "test\Coffee.Bean.Shop.Logic.Unit\Coffee.Bean.Shop.Logic.Unit.csproj", "{275F43EB-2C87-4324-A8DA-CE07BBC0298F}"
EndProject
Project("{FAE04EC0-301F-11D3-BF4B-00C04F79EFBC}") = "Coffee.Bean.Shop.Common", "test\Coffee.Bean.Shop.Common\Coffee.Bean.Shop.Common.csproj", "{FF36D7C8-CC83-474D-A101-65A636BD1A33}"
EndProject
Project("{FAE04EC0-301F-11D3-BF4B-00C04F79EFBC}") = "Coffee.Bean.Shop.Api.EndToEnd", "test\Coffee.Bean.Shop.Api.EndToEnd\Coffee.Bean.Shop.Api.EndToEnd.csproj", "{B6F840F6-D0CB-4AD7-BA14-F6A1A8801741}"
EndProject
Global
	GlobalSection(SolutionConfigurationPlatforms) = preSolution
		Debug|Any CPU = Debug|Any CPU
		Release|Any CPU = Release|Any CPU
	EndGlobalSection
	GlobalSection(ProjectConfigurationPlatforms) = postSolution
		{4A34A289-70C1-4B6B-ADC7-040928959021}.Debug|Any CPU.ActiveCfg = Debug|Any CPU
		{4A34A289-70C1-4B6B-ADC7-040928959021}.Debug|Any CPU.Build.0 = Debug|Any CPU
		{4A34A289-70C1-4B6B-ADC7-040928959021}.Release|Any CPU.ActiveCfg = Release|Any CPU
		{4A34A289-70C1-4B6B-ADC7-040928959021}.Release|Any CPU.Build.0 = Release|Any CPU
		{4C25E801-40AA-4B48-820D-8E1D0E895812}.Debug|Any CPU.ActiveCfg = Debug|Any CPU
		{4C25E801-40AA-4B48-820D-8E1D0E895812}.Debug|Any CPU.Build.0 = Debug|Any CPU
		{4C25E801-40AA-4B48-820D-8E1D0E895812}.Release|Any CPU.ActiveCfg = Release|Any CPU
		{4C25E801-40AA-4B48-820D-8E1D0E895812}.Release|Any CPU.Build.0 = Release|Any CPU
		{C6EB2E25-E398-44F4-AE39-F6BFEA1F7926}.Debug|Any CPU.ActiveCfg = Debug|Any CPU
		{C6EB2E25-E398-44F4-AE39-F6BFEA1F7926}.Debug|Any CPU.Build.0 = Debug|Any CPU
		{C6EB2E25-E398-44F4-AE39-F6BFEA1F7926}.Release|Any CPU.ActiveCfg = Release|Any CPU
		{C6EB2E25-E398-44F4-AE39-F6BFEA1F7926}.Release|Any CPU.Build.0 = Release|Any CPU
		{184BC992-B9C3-4148-B14A-398BD2286744}.Debug|Any CPU.ActiveCfg = Debug|Any CPU
		{184BC992-B9C3-4148-B14A-398BD2286744}.Debug|Any CPU.Build.0 = Debug|Any CPU
		{184BC992-B9C3-4148-B14A-398BD2286744}.Release|Any CPU.ActiveCfg = Release|Any CPU
		{184BC992-B9C3-4148-B14A-398BD2286744}.Release|Any CPU.Build.0 = Release|Any CPU
		{3A0C6400-B780-4D1E-879E-F2EF83292AF2}.Debug|Any CPU.ActiveCfg = Debug|Any CPU
		{3A0C6400-B780-4D1E-879E-F2EF83292AF2}.Debug|Any CPU.Build.0 = Debug|Any CPU
		{3A0C6400-B780-4D1E-879E-F2EF83292AF2}.Release|Any CPU.ActiveCfg = Release|Any CPU
		{3A0C6400-B780-4D1E-879E-F2EF83292AF2}.Release|Any CPU.Build.0 = Release|Any CPU
		{275F43EB-2C87-4324-A8DA-CE07BBC0298F}.Debug|Any CPU.ActiveCfg = Debug|Any CPU
		{275F43EB-2C87-4324-A8DA-CE07BBC0298F}.Debug|Any CPU.Build.0 = Debug|Any CPU
		{275F43EB-2C87-4324-A8DA-CE07BBC0298F}.Release|Any CPU.ActiveCfg = Release|Any CPU
		{275F43EB-2C87-4324-A8DA-CE07BBC0298F}.Release|Any CPU.Build.0 = Release|Any CPU
		{FF36D7C8-CC83-474D-A101-65A636BD1A33}.Debug|Any CPU.ActiveCfg = Debug|Any CPU
		{FF36D7C8-CC83-474D-A101-65A636BD1A33}.Debug|Any CPU.Build.0 = Debug|Any CPU
		{FF36D7C8-CC83-474D-A101-65A636BD1A33}.Release|Any CPU.ActiveCfg = Release|Any CPU
		{FF36D7C8-CC83-474D-A101-65A636BD1A33}.Release|Any CPU.Build.0 = Release|Any CPU
		{B6F840F6-D0CB-4AD7-BA14-F6A1A8801741}.Debug|Any CPU.ActiveCfg = Debug|Any CPU
		{B6F840F6-D0CB-4AD7-BA14-F6A1A8801741}.Debug|Any CPU.Build.0 = Debug|Any CPU
		{B6F840F6-D0CB-4AD7-BA14-F6A1A8801741}.Release|Any CPU.ActiveCfg = Release|Any CPU
		{B6F840F6-D0CB-4AD7-BA14-F6A1A8801741}.Release|Any CPU.Build.0 = Release|Any CPU
	EndGlobalSection
	GlobalSection(SolutionProperties) = preSolution
		HideSolutionNode = FALSE
	EndGlobalSection
	GlobalSection(NestedProjects) = preSolution
		{4A34A289-70C1-4B6B-ADC7-040928959021} = {827E0CD3-B72D-47B6-A68D-7590B98EB39B}
		{4C25E801-40AA-4B48-820D-8E1D0E895812} = {827E0CD3-B72D-47B6-A68D-7590B98EB39B}
		{C6EB2E25-E398-44F4-AE39-F6BFEA1F7926} = {827E0CD3-B72D-47B6-A68D-7590B98EB39B}
		{184BC992-B9C3-4148-B14A-398BD2286744} = {827E0CD3-B72D-47B6-A68D-7590B98EB39B}
		{3A0C6400-B780-4D1E-879E-F2EF83292AF2} = {0C88DD14-F956-CE84-757C-A364CCF449FC}
		{275F43EB-2C87-4324-A8DA-CE07BBC0298F} = {0C88DD14-F956-CE84-757C-A364CCF449FC}
		{FF36D7C8-CC83-474D-A101-65A636BD1A33} = {0C88DD14-F956-CE84-757C-A364CCF449FC}
		{B6F840F6-D0CB-4AD7-BA14-F6A1A8801741} = {0C88DD14-F956-CE84-757C-A364CCF449FC}
	EndGlobalSection
EndGlobal
